// !$*UTF8*$!
{
	archiveVersion = 1;
	classes = {
	};
	objectVersion = 46;
	objects = {

/* Begin PBXBuildFile section */
		4AA24FA91F00ECC400647C1E /* AppDelegate.swift in Sources */ = {isa = PBXBuildFile; fileRef = 4AA24FA81F00ECC400647C1E /* AppDelegate.swift */; };
		4AA24FB01F00ECC400647C1E /* Assets.xcassets in Resources */ = {isa = PBXBuildFile; fileRef = 4AA24FAF1F00ECC400647C1E /* Assets.xcassets */; };
		4AA24FB31F00ECC400647C1E /* LaunchScreen.storyboard in Resources */ = {isa = PBXBuildFile; fileRef = 4AA24FB11F00ECC400647C1E /* LaunchScreen.storyboard */; };
		4AA24FBD1F00EE1000647C1E /* Localizable.strings in Resources */ = {isa = PBXBuildFile; fileRef = 4AA24FBB1F00EE1000647C1E /* Localizable.strings */; };
		4AA24FBE1F00EE1000647C1E /* RefreshView.swift in Sources */ = {isa = PBXBuildFile; fileRef = 4AA24FBC1F00EE1000647C1E /* RefreshView.swift */; };
		4AA24FC01F00EE1D00647C1E /* TableViewController.swift in Sources */ = {isa = PBXBuildFile; fileRef = 4AA24FBF1F00EE1D00647C1E /* TableViewController.swift */; };
		4AA24FC21F00EE4000647C1E /* Main.storyboard in Resources */ = {isa = PBXBuildFile; fileRef = 4AA24FC11F00EE4000647C1E /* Main.storyboard */; };
/* End PBXBuildFile section */

/* Begin PBXFileReference section */
		4AA24FA51F00ECC400647C1E /* kk_refresh.app */ = {isa = PBXFileReference; explicitFileType = wrapper.application; includeInIndex = 0; path = kk_refresh.app; sourceTree = BUILT_PRODUCTS_DIR; };
		4AA24FA81F00ECC400647C1E /* AppDelegate.swift */ = {isa = PBXFileReference; lastKnownFileType = sourcecode.swift; path = AppDelegate.swift; sourceTree = "<group>"; };
		4AA24FAF1F00ECC400647C1E /* Assets.xcassets */ = {isa = PBXFileReference; lastKnownFileType = folder.assetcatalog; path = Assets.xcassets; sourceTree = "<group>"; };
		4AA24FB21F00ECC400647C1E /* Base */ = {isa = PBXFileReference; lastKnownFileType = file.storyboard; name = Base; path = Base.lproj/LaunchScreen.storyboard; sourceTree = "<group>"; };
		4AA24FB41F00ECC400647C1E /* Info.plist */ = {isa = PBXFileReference; lastKnownFileType = text.plist.xml; path = Info.plist; sourceTree = "<group>"; };
		4AA24FBB1F00EE1000647C1E /* Localizable.strings */ = {isa = PBXFileReference; fileEncoding = 4; lastKnownFileType = text.plist.strings; path = Localizable.strings; sourceTree = "<group>"; };
		4AA24FBC1F00EE1000647C1E /* RefreshView.swift */ = {isa = PBXFileReference; fileEncoding = 4; lastKnownFileType = sourcecode.swift; path = RefreshView.swift; sourceTree = "<group>"; };
		4AA24FBF1F00EE1D00647C1E /* TableViewController.swift */ = {isa = PBXFileReference; fileEncoding = 4; lastKnownFileType = sourcecode.swift; path = TableViewController.swift; sourceTree = "<group>"; };
		4AA24FC11F00EE4000647C1E /* Main.storyboard */ = {isa = PBXFileReference; fileEncoding = 4; lastKnownFileType = file.storyboard; path = Main.storyboard; sourceTree = "<group>"; };
/* End PBXFileReference section */

/* Begin PBXFrameworksBuildPhase section */
		4AA24FA21F00ECC400647C1E /* Frameworks */ = {
			isa = PBXFrameworksBuildPhase;
			buildActionMask = 2147483647;
			files = (
			);
			runOnlyForDeploymentPostprocessing = 0;
		};
/* End PBXFrameworksBuildPhase section */

/* Begin PBXGroup section */
		4AA24F9C1F00ECC400647C1E = {
			isa = PBXGroup;
			children = (
				4AA24FA71F00ECC400647C1E /* kk_refresh */,
				4AA24FA61F00ECC400647C1E /* Products */,
			);
			sourceTree = "<group>";
		};
		4AA24FA61F00ECC400647C1E /* Products */ = {
			isa = PBXGroup;
			children = (
				4AA24FA51F00ECC400647C1E /* kk_refresh.app */,
			);
			name = Products;
			sourceTree = "<group>";
		};
		4AA24FA71F00ECC400647C1E /* kk_refresh */ = {
			isa = PBXGroup;
			children = (
				4AA24FBA1F00EE1000647C1E /* Refresh */,
				4AA24FA81F00ECC400647C1E /* AppDelegate.swift */,
				4AA24FBF1F00EE1D00647C1E /* TableViewController.swift */,
				4AA24FAF1F00ECC400647C1E /* Assets.xcassets */,
				4AA24FC11F00EE4000647C1E /* Main.storyboard */,
				4AA24FB11F00ECC400647C1E /* LaunchScreen.storyboard */,
				4AA24FB41F00ECC400647C1E /* Info.plist */,
			);
			path = kk_refresh;
			sourceTree = "<group>";
		};
		4AA24FBA1F00EE1000647C1E /* Refresh */ = {
			isa = PBXGroup;
			children = (
				4AA24FBB1F00EE1000647C1E /* Localizable.strings */,
				4AA24FBC1F00EE1000647C1E /* RefreshView.swift */,
			);
			path = Refresh;
			sourceTree = "<group>";
		};
/* End PBXGroup section */

/* Begin PBXNativeTarget section */
		4AA24FA41F00ECC400647C1E /* kk_refresh */ = {
			isa = PBXNativeTarget;
			buildConfigurationList = 4AA24FB71F00ECC400647C1E /* Build configuration list for PBXNativeTarget "kk_refresh" */;
			buildPhases = (
				4AA24FA11F00ECC400647C1E /* Sources */,
				4AA24FA21F00ECC400647C1E /* Frameworks */,
				4AA24FA31F00ECC400647C1E /* Resources */,
			);
			buildRules = (
			);
			dependencies = (
			);
			name = kk_refresh;
			productName = kk_refresh;
			productReference = 4AA24FA51F00ECC400647C1E /* kk_refresh.app */;
			productType = "com.apple.product-type.application";
		};
/* End PBXNativeTarget section */

/* Begin PBXProject section */
		4AA24F9D1F00ECC400647C1E /* Project object */ = {
			isa = PBXProject;
			attributes = {
				LastSwiftUpdateCheck = 0830;
				LastUpgradeCheck = 0830;
				ORGANIZATIONNAME = "陈康";
				TargetAttributes = {
					4AA24FA41F00ECC400647C1E = {
						CreatedOnToolsVersion = 8.3.3;
						DevelopmentTeam = HA5G797698;
						ProvisioningStyle = Automatic;
					};
				};
			};
			buildConfigurationList = 4AA24FA01F00ECC400647C1E /* Build configuration list for PBXProject "kk_refresh" */;
			compatibilityVersion = "Xcode 3.2";
			developmentRegion = English;
			hasScannedForEncodings = 0;
			knownRegions = (
				en,
				Base,
			);
			mainGroup = 4AA24F9C1F00ECC400647C1E;
			productRefGroup = 4AA24FA61F00ECC400647C1E /* Products */;
			projectDirPath = "";
			projectRoot = "";
			targets = (
				4AA24FA41F00ECC400647C1E /* kk_refresh */,
			);
		};
/* End PBXProject section */

/* Begin PBXResourcesBuildPhase section */
		4AA24FA31F00ECC400647C1E /* Resources */ = {
			isa = PBXResourcesBuildPhase;
			buildActionMask = 2147483647;
			files = (
				4AA24FB31F00ECC400647C1E /* LaunchScreen.storyboard in Resources */,
				4AA24FBD1F00EE1000647C1E /* Localizable.strings in Resources */,
				4AA24FB01F00ECC400647C1E /* Assets.xcassets in Resources */,
				4AA24FC21F00EE4000647C1E /* Main.storyboard in Resources */,
			);
			runOnlyForDeploymentPostprocessing = 0;
		};
/* End PBXResourcesBuildPhase section */

/* Begin PBXSourcesBuildPhase section */
		4AA24FA11F00ECC400647C1E /* Sources */ = {
			isa = PBXSourcesBuildPhase;
			buildActionMask = 2147483647;
			files = (
				4AA24FBE1F00EE1000647C1E /* RefreshView.swift in Sources */,
				4AA24FC01F00EE1D00647C1E /* TableViewController.swift in Sources */,
				4AA24FA91F00ECC400647C1E /* AppDelegate.swift in Sources */,
			);
			runOnlyForDeploymentPostprocessing = 0;
		};
/* End PBXSourcesBuildPhase section */

/* Begin PBXVariantGroup section */
		4AA24FB11F00ECC400647C1E /* LaunchScreen.storyboard */ = {
			isa = PBXVariantGroup;
			children = (
				4AA24FB21F00ECC400647C1E /* Base */,
			);
			name = LaunchScreen.storyboard;
			sourceTree = "<group>";
		};
/* End PBXVariantGroup section */

/* Begin XCBuildConfiguration section */
		4AA24FB51F00ECC400647C1E /* Debug */ = {
			isa = XCBuildConfiguration;
			buildSettings = {
				ALWAYS_SEARCH_USER_PATHS = NO;
				CLANG_ANALYZER_NONNULL = YES;
				CLANG_ANALYZER_NUMBER_OBJECT_CONVERSION = YES_AGGRESSIVE;
				CLANG_CXX_LANGUAGE_STANDARD = "gnu++0x";
				CLANG_CXX_LIBRARY = "libc++";
				CLANG_ENABLE_MODULES = YES;
				CLANG_ENABLE_OBJC_ARC = YES;
				CLANG_WARN_BOOL_CONVERSION = YES;
				CLANG_WARN_CONSTANT_CONVERSION = YES;
				CLANG_WARN_DIRECT_OBJC_ISA_USAGE = YES_ERROR;
				CLANG_WARN_DOCUMENTATION_COMMENTS = YES;
				CLANG_WARN_EMPTY_BODY = YES;
				CLANG_WARN_ENUM_CONVERSION = YES;
				CLANG_WARN_INFINITE_RECURSION = YES;
				CLANG_WARN_INT_CONVERSION = YES;
				CLANG_WARN_OBJC_ROOT_CLASS = YES_ERROR;
				CLANG_WARN_SUSPICIOUS_MOVE = YES;
				CLANG_WARN_UNREACHABLE_CODE = YES;
				CLANG_WARN__DUPLICATE_METHOD_MATCH = YES;
				"CODE_SIGN_IDENTITY[sdk=iphoneos*]" = "iPhone Developer";
				COPY_PHASE_STRIP = NO;
				DEBUG_INFORMATION_FORMAT = dwarf;
				ENABLE_STRICT_OBJC_MSGSEND = YES;
				ENABLE_TESTABILITY = YES;
				GCC_C_LANGUAGE_STANDARD = gnu99;
				GCC_DYNAMIC_NO_PIC = NO;
				GCC_NO_COMMON_BLOCKS = YES;
				GCC_OPTIMIZATION_LEVEL = 0;
				GCC_PREPROCESSOR_DEFINITIONS = (
					"DEBUG=1",
					"$(inherited)",
				);
				GCC_WARN_64_TO_32_BIT_CONVERSION = YES;
				GCC_WARN_ABOUT_RETURN_TYPE = YES_ERROR;
				GCC_WARN_UNDECLARED_SELECTOR = YES;
				GCC_WARN_UNINITIALIZED_AUTOS = YES_AGGRESSIVE;
				GCC_WARN_UNUSED_FUNCTION = YES;
				GCC_WARN_UNUSED_VARIABLE = YES;
				IPHONEOS_DEPLOYMENT_TARGET = 10.3;
				MTL_ENABLE_DEBUG_INFO = YES;
				ONLY_ACTIVE_ARCH = YES;
				SDKROOT = iphoneos;
				SWIFT_ACTIVE_COMPILATION_CONDITIONS = DEBUG;
				SWIFT_OPTIMIZATION_LEVEL = "-Onone";
			};
			name = Debug;
		};
		4AA24FB61F00ECC400647C1E /* Release */ = {
			isa = XCBuildConfiguration;
			buildSettings = {
				ALWAYS_SEARCH_USER_PATHS = NO;
				CLANG_ANALYZER_NONNULL = YES;
				CLANG_ANALYZER_NUMBER_OBJECT_CONVERSION = YES_AGGRESSIVE;
				CLANG_CXX_LANGUAGE_STANDARD = "gnu++0x";
				CLANG_CXX_LIBRARY = "libc++";
				CLANG_ENABLE_MODULES = YES;
				CLANG_ENABLE_OBJC_ARC = YES;
				CLANG_WARN_BOOL_CONVERSION = YES;
				CLANG_WARN_CONSTANT_CONVERSION = YES;
				CLANG_WARN_DIRECT_OBJC_ISA_USAGE = YES_ERROR;
				CLANG_WARN_DOCUMENTATION_COMMENTS = YES;
				CLANG_WARN_EMPTY_BODY = YES;
				CLANG_WARN_ENUM_CONVERSION = YES;
				CLANG_WARN_INFINITE_RECURSION = YES;
				CLANG_WARN_INT_CONVERSION = YES;
				CLANG_WARN_OBJC_ROOT_CLASS = YES_ERROR;
				CLANG_WARN_SUSPICIOUS_MOVE = YES;
				CLANG_WARN_UNREACHABLE_CODE = YES;
				CLANG_WARN__DUPLICATE_METHOD_MATCH = YES;
				"CODE_SIGN_IDENTITY[sdk=iphoneos*]" = "iPhone Developer";
				COPY_PHASE_STRIP = NO;
				DEBUG_INFORMATION_FORMAT = "dwarf-with-dsym";
				ENABLE_NS_ASSERTIONS = NO;
				ENABLE_STRICT_OBJC_MSGSEND = YES;
				GCC_C_LANGUAGE_STANDARD = gnu99;
				GCC_NO_COMMON_BLOCKS = YES;
				GCC_WARN_64_TO_32_BIT_CONVERSION = YES;
				GCC_WARN_ABOUT_RETURN_TYPE = YES_ERROR;
				GCC_WARN_UNDECLARED_SELECTOR = YES;
				GCC_WARN_UNINITIALIZED_AUTOS = YES_AGGRESSIVE;
				GCC_WARN_UNUSED_FUNCTION = YES;
				GCC_WARN_UNUSED_VARIABLE = YES;
				IPHONEOS_DEPLOYMENT_TARGET = 10.3;
				MTL_ENABLE_DEBUG_INFO = NO;
				SDKROOT = iphoneos;
				SWIFT_OPTIMIZATION_LEVEL = "-Owholemodule";
				VALIDATE_PRODUCT = YES;
			};
			name = Release;
		};
		4AA24FB81F00ECC400647C1E /* Debug */ = {
			isa = XCBuildConfiguration;
			buildSettings = {
				ASSETCATALOG_COMPILER_APPICON_NAME = AppIcon;
				DEVELOPMENT_TEAM = HA5G797698;
				INFOPLIST_FILE = kk_refresh/Info.plist;
				LD_RUNPATH_SEARCH_PATHS = "$(inherited) @executable_path/Frameworks";
				PRODUCT_BUNDLE_IDENTIFIER = "KK.kk-refresh";
				PRODUCT_NAME = "$(TARGET_NAME)";
				SWIFT_VERSION = 3.0;
			};
			name = Debug;
		};
		4AA24FB91F00ECC400647C1E /* Release */ = {
			isa = XCBuildConfiguration;
			buildSettings = {
				ASSETCATALOG_COMPILER_APPICON_NAME = AppIcon;
				DEVELOPMENT_TEAM = HA5G797698;
				INFOPLIST_FILE = kk_refresh/Info.plist;
				LD_RUNPATH_SEARCH_PATHS = "$(inherited) @executable_path/Frameworks";
				PRODUCT_BUNDLE_IDENTIFIER = "KK.kk-refresh";
				PRODUCT_NAME = "$(TARGET_NAME)";
				SWIFT_VERSION = 3.0;
			};
			name = Release;
		};
/* End XCBuildConfiguration section */

/* Begin XCConfigurationList section */
		4AA24FA01F00ECC400647C1E /* Build configuration list for PBXProject "kk_refresh" */ = {
			isa = XCConfigurationList;
			buildConfigurations = (
				4AA24FB51F00ECC400647C1E /* Debug */,
				4AA24FB61F00ECC400647C1E /* Release */,
			);
			defaultConfigurationIsVisible = 0;
			defaultConfigurationName = Release;
		};
		4AA24FB71F00ECC400647C1E /* Build configuration list for PBXNativeTarget "kk_refresh" */ = {
			isa = XCConfigurationList;
			buildConfigurations = (
				4AA24FB81F00ECC400647C1E /* Debug */,
				4AA24FB91F00ECC400647C1E /* Release */,
			);
			defaultConfigurationIsVisible = 0;
			defaultConfigurationName = Release;
		};
/* End XCConfigurationList section */
	};
	rootObject = 4AA24F9D1F00ECC400647C1E /* Project object */;
}
